github.com/CaiJimmy/hugo-theme-stack/v4 v4.0.2 h1:q9cWu6ZS4wSesFjIjpIPueKaRmD7IoRFMGzvwZSqaBA=
github.com/CaiJimmy/hugo-theme-stack/v4 v4.0.2/go.mod h1:6SWZIQIut6uVjxhLraexYzgtdNDrod0xnfM/to6D/1I=
github.com/mfg92/hugo-shortcode-gallery v1.3.0 h1:7wiUUu7adN3JbcshZfZ+Q0ZLDilPoGkquoor0ZcdJVU=
github.com/mfg92/hugo-shortcode-gallery v1.3.0/go.mod h1:SEdbeBGSMX2lP+4nCqqy9AyTWWktUMWXYnR3r1l01Rw=
